
Microsoft Visual Studio Solution File, Format Version 12.00
# Visual Studio Version 17
VisualStudioVersion = 17.8.34601.278
MinimumVisualStudioVersion = 10.0.40219.1
Project("{FAE04EC0-301F-11D3-BF4B-00C04F79EFBC}") = "QuanLyKho", "QuanLyKho\QuanLyKho.csproj", "{2371E273-4FF7-44C9-8F6B-DB2F3245387B}"
EndProject
Global
	GlobalSection(SolutionConfigurationPlatforms) = preSolution
		Debug|Any CPU = Debug|Any CPU
		Release|Any CPU = Release|Any CPU
	EndGlobalSection
	GlobalSection(ProjectConfigurationPlatforms) = postSolution
		{2371E273-4FF7-44C9-8F6B-DB2F3245387B}.Debug|Any CPU.ActiveCfg = Debug|Any CPU
		{2371E273-4FF7-44C9-8F6B-DB2F3245387B}.Debug|Any CPU.Build.0 = Debug|Any CPU
		{2371E273-4FF7-44C9-8F6B-DB2F3245387B}.Release|Any CPU.ActiveCfg = Release|Any CPU
		{2371E273-4FF7-44C9-8F6B-DB2F3245387B}.Release|Any CPU.Build.0 = Release|Any CPU
	EndGlobalSection
	GlobalSection(SolutionProperties) = preSolution
		HideSolutionNode = FALSE
	EndGlobalSection
	GlobalSection(ExtensibilityGlobals) = postSolution
		SolutionGuid = {80CF412E-2D94-45AE-9B40-059BEEEC6498}
	EndGlobalSection
EndGlobal
